
Microsoft Visual Studio Solution File, Format Version 12.00
# Visual Studio 15
VisualStudioVersion = 15.0.26430.16
MinimumVisualStudioVersion = 10.0.40219.1
Project("{F2A71F9B-5D33-465A-A702-920D77279786}") = "FSharpHW", "FSharpHW\FSharpHW.fsproj", "{162FADAC-D313-48D3-AFF0-BD3F5FE11B7E}"
EndProject
Project("{FAE04EC0-301F-11D3-BF4B-00C04F79EFBC}") = "Test", "Test\Test.csproj", "{A6159B91-4A27-4908-B401-87582E1191A4}"
EndProject
Global
	GlobalSection(SolutionConfigurationPlatforms) = preSolution
		Debug|Any CPU = Debug|Any CPU
		Release|Any CPU = Release|Any CPU
	EndGlobalSection
	GlobalSection(ProjectConfigurationPlatforms) = postSolution
		{162FADAC-D313-48D3-AFF0-BD3F5FE11B7E}.Debug|Any CPU.ActiveCfg = Debug|Any CPU
		{162FADAC-D313-48D3-AFF0-BD3F5FE11B7E}.Debug|Any CPU.Build.0 = Debug|Any CPU
		{162FADAC-D313-48D3-AFF0-BD3F5FE11B7E}.Release|Any CPU.ActiveCfg = Release|Any CPU
		{162FADAC-D313-48D3-AFF0-BD3F5FE11B7E}.Release|Any CPU.Build.0 = Release|Any CPU
		{A6159B91-4A27-4908-B401-87582E1191A4}.Debug|Any CPU.ActiveCfg = Debug|Any CPU
		{A6159B91-4A27-4908-B401-87582E1191A4}.Debug|Any CPU.Build.0 = Debug|Any CPU
		{A6159B91-4A27-4908-B401-87582E1191A4}.Release|Any CPU.ActiveCfg = Release|Any CPU
		{A6159B91-4A27-4908-B401-87582E1191A4}.Release|Any CPU.Build.0 = Release|Any CPU
	EndGlobalSection
	GlobalSection(SolutionProperties) = preSolution
		HideSolutionNode = FALSE
	EndGlobalSection
EndGlobal
